# This file is automatically @generated by Cargo.
# It is not intended for manual editing.
version = 3

[[package]]
name = "gym-tests"
version = "0.1.0"
dependencies = [
 "rusticnes-core",
]

[[package]]
name = "rusticnes-core"
version = "0.2.0"
source = "git+https://github.com/zeta0134/rusticnes-core.git#c3fce7960c3335eb5707242f5db22fa35a6d682d"
